{
    "name": "com.kyapp.utility",
    "version": "1.0.1",
    "lockfileVersion": 2,
    "requires": true,
    "packages": {
        "": {
            "name": "com.kyapp.utility",
            "version": "1.0.1",
            "dependencies": {
                "com.kyapp.utility": "^1.0.1"
            }
        },
        "node_modules/com.kyapp.utility": {
            "version": "1.0.1",
            "resolved": "https://registry.npmjs.org/com.kyapp.utility/-/com.kyapp.utility-1.0.1.tgz",
            "integrity": "sha512-CHoKax0vcinxekyVliM3arkaxRj47ihO3+spdbJD51F/4G/frnJIgZxa8+Eil2cBHnSdp69pu3I8AcqVKsxgoA=="
        }
    },
    "dependencies": {
        "com.kyapp.utility": {
            "version": "1.0.1",
            "resolved": "https://registry.npmjs.org/com.kyapp.utility/-/com.kyapp.utility-1.0.1.tgz",
            "integrity": "sha512-CHoKax0vcinxekyVliM3arkaxRj47ihO3+spdbJD51F/4G/frnJIgZxa8+Eil2cBHnSdp69pu3I8AcqVKsxgoA=="
        }
    }
}
